Microsoft Visual Studio Solution File, Format Version 12.00
# Visual Studio Version 17
VisualStudioVersion = 17.0.31903.59
MinimumVisualStudioVersion = 10.0.40219.1
Project("{{8E2E20D7-585E-4E7E-A3EB-922ADE886358}}") = "FocusGate.Core", "src\FocusGate.Core\FocusGate.Core.csproj", "{{99FCBDFA-53C0-47D6-9491-0A4AC6EC5244}}"
EndProject
Project("{{8E2E20D7-585E-4E7E-A3EB-922ADE886358}}") = "FocusGate.Infrastructure", "src\FocusGate.Infrastructure\FocusGate.Infrastructure.csproj", "{{B5888757-316A-4789-A214-4A9CACE4D05D}}"
EndProject
Project("{{8E2E20D7-585E-4E7E-A3EB-922ADE886358}}") = "FocusGate.AT", "src\FocusGate.AT\FocusGate.AT.csproj", "{{A1B2C3D4-E5F6-7890-ABCD-EF1234567891}}"
EndProject
Project("{{8E2E20D7-585E-4E7E-A3EB-922ADE886358}}") = "FocusGate.HiLink", "src\FocusGate.HiLink\FocusGate.HiLink.csproj", "{{A1B2C3D4-E5F6-7890-ABCD-EF1234567892}}"
EndProject
Project("{{FAE04EC0-301F-11D3-BF4B-00C04F79EFBC}}") = "FocusGate.Desktop", "src\FocusGate.Desktop\FocusGate.Desktop.csproj", "{{A1B2C3D4-E5F6-7890-ABCD-EF1234567890}}"
EndProject
Global
	GlobalSection(SolutionConfigurationPlatforms) = preSolution
		Debug|Any CPU = Debug|Any CPU
		Release|Any CPU = Release|Any CPU
	EndGlobalSection
	GlobalSection(ProjectConfigurationPlatforms) = postSolution
		{{99FCBDFA-53C0-47D6-9491-0A4AC6EC5244}}.Debug|Any CPU.ActiveCfg = Debug|Any CPU
		{{99FCBDFA-53C0-47D6-9491-0A4AC6EC5244}}.Debug|Any CPU.Build.0 = Debug|Any CPU
		{{99FCBDFA-53C0-47D6-9491-0A4AC6EC5244}}.Release|Any CPU.ActiveCfg = Release|Any CPU
		{{99FCBDFA-53C0-47D6-9491-0A4AC6EC5244}}.Release|Any CPU.Build.0 = Release|Any CPU
		{{B5888757-316A-4789-A214-4A9CACE4D05D}}.Debug|Any CPU.ActiveCfg = Debug|Any CPU
		{{B5888757-316A-4789-A214-4A9CACE4D05D}}.Debug|Any CPU.Build.0 = Debug|Any CPU
		{{B5888757-316A-4789-A214-4A9CACE4D05D}}.Release|Any CPU.ActiveCfg = Release|Any CPU
		{{B5888757-316A-4789-A214-4A9CACE4D05D}}.Release|Any CPU.Build.0 = Release|Any CPU
		{{A1B2C3D4-E5F6-7890-ABCD-EF1234567891}}.Debug|Any CPU.ActiveCfg = Debug|Any CPU
		{{A1B2C3D4-E5F6-7890-ABCD-EF1234567891}}.Debug|Any CPU.Build.0 = Debug|Any CPU
		{{A1B2C3D4-E5F6-7890-ABCD-EF1234567891}}.Release|Any CPU.ActiveCfg = Release|Any CPU
		{{A1B2C3D4-E5F6-7890-ABCD-EF1234567891}}.Release|Any CPU.Build.0 = Release|Any CPU
		{{A1B2C3D4-E5F6-7890-ABCD-EF1234567892}}.Debug|Any CPU.ActiveCfg = Debug|Any CPU
		{{A1B2C3D4-E5F6-7890-ABCD-EF1234567892}}.Debug|Any CPU.Build.0 = Debug|Any CPU
		{{A1B2C3D4-E5F6-7890-ABCD-EF1234567892}}.Release|Any CPU.ActiveCfg = Release|Any CPU
		{{A1B2C3D4-E5F6-7890-ABCD-EF1234567892}}.Release|Any CPU.Build.0 = Release|Any CPU
		{{A1B2C3D4-E5F6-7890-ABCD-EF1234567890}}.Debug|Any CPU.ActiveCfg = Debug|Any CPU
		{{A1B2C3D4-E5F6-7890-ABCD-EF1234567890}}.Debug|Any CPU.Build.0 = Debug|Any CPU
		{{A1B2C3D4-E5F6-7890-ABCD-EF1234567890}}.Release|Any CPU.ActiveCfg = Release|Any CPU
		{{A1B2C3D4-E5F6-7890-ABCD-EF1234567890}}.Release|Any CPU.Build.0 = Release|Any CPU
	EndGlobalSection
EndGlobal
